
Microsoft Visual Studio Solution File, Format Version 12.00
# Visual Studio Version 16
VisualStudioVersion = 16.0.31424.327
MinimumVisualStudioVersion = 10.0.40219.1
Project("{FAE04EC0-301F-11D3-BF4B-00C04F79EFBC}") = "RommelBurgosExamenWeb", "RommelBurgosExamenWeb\RommelBurgosExamenWeb.csproj", "{89F6D7D9-73EC-4C36-B7BD-6A4F22F6216C}"
EndProject
Global
	GlobalSection(SolutionConfigurationPlatforms) = preSolution
		Debug|Any CPU = Debug|Any CPU
		Release|Any CPU = Release|Any CPU
	EndGlobalSection
	GlobalSection(ProjectConfigurationPlatforms) = postSolution
		{89F6D7D9-73EC-4C36-B7BD-6A4F22F6216C}.Debug|Any CPU.ActiveCfg = Debug|Any CPU
		{89F6D7D9-73EC-4C36-B7BD-6A4F22F6216C}.Debug|Any CPU.Build.0 = Debug|Any CPU
		{89F6D7D9-73EC-4C36-B7BD-6A4F22F6216C}.Release|Any CPU.ActiveCfg = Release|Any CPU
		{89F6D7D9-73EC-4C36-B7BD-6A4F22F6216C}.Release|Any CPU.Build.0 = Release|Any CPU
	EndGlobalSection
	GlobalSection(SolutionProperties) = preSolution
		HideSolutionNode = FALSE
	EndGlobalSection
	GlobalSection(ExtensibilityGlobals) = postSolution
		SolutionGuid = {B21BCF82-52E9-4E16-B938-287C1B5ACEFA}
	EndGlobalSection
EndGlobal
